// !$*UTF8*$!
{
	archiveVersion = 1;
	classes = {
	};
	objectVersion = 46;
	objects = {

/* Begin PBXBuildFile section */
		AC39EEEE19C8E1FE002B4089 /* AppDelegate.swift in Sources */ = {isa = PBXBuildFile; fileRef = AC39EEED19C8E1FE002B4089 /* AppDelegate.swift */; };
		AC39EEF019C8E1FE002B4089 /* ViewController.swift in Sources */ = {isa = PBXBuildFile; fileRef = AC39EEEF19C8E1FE002B4089 /* ViewController.swift */; };
		AC39EEF319C8E1FE002B4089 /* Main.storyboard in Resources */ = {isa = PBXBuildFile; fileRef = AC39EEF119C8E1FE002B4089 /* Main.storyboard */; };
		AC39EEF519C8E1FE002B4089 /* Images.xcassets in Resources */ = {isa = PBXBuildFile; fileRef = AC39EEF419C8E1FE002B4089 /* Images.xcassets */; };
		AC39EEF819C8E1FE002B4089 /* LaunchScreen.xib in Resources */ = {isa = PBXBuildFile; fileRef = AC39EEF619C8E1FE002B4089 /* LaunchScreen.xib */; };
		AC39EF0419C8E1FE002B4089 /* TwoStoryboardsTests.swift in Sources */ = {isa = PBXBuildFile; fileRef = AC39EF0319C8E1FE002B4089 /* TwoStoryboardsTests.swift */; };
		AC39EF0F19C8E3AC002B4089 /* Main_iPhone.storyboard in Resources */ = {isa = PBXBuildFile; fileRef = AC39EF0D19C8E3AC002B4089 /* Main_iPhone.storyboard */; };
		AC39EF1219C8E3CE002B4089 /* Main_iPad.storyboard in Resources */ = {isa = PBXBuildFile; fileRef = AC39EF1019C8E3CE002B4089 /* Main_iPad.storyboard */; };
/* End PBXBuildFile section */

/* Begin PBXContainerItemProxy section */
		AC39EEFE19C8E1FE002B4089 /* PBXContainerItemProxy */ = {
			isa = PBXContainerItemProxy;
			containerPortal = AC39EEE019C8E1FE002B4089 /* Project object */;
			proxyType = 1;
			remoteGlobalIDString = AC39EEE719C8E1FE002B4089;
			remoteInfo = TwoStoryboards;
		};
/* End PBXContainerItemProxy section */

/* Begin PBXFileReference section */
		AC39EEE819C8E1FE002B4089 /* TwoStoryboards.app */ = {isa = PBXFileReference; explicitFileType = wrapper.application; includeInIndex = 0; path = TwoStoryboards.app; sourceTree = BUILT_PRODUCTS_DIR; };
		AC39EEEC19C8E1FE002B4089 /* Info.plist */ = {isa = PBXFileReference; lastKnownFileType = text.plist.xml; path = Info.plist; sourceTree = "<group>"; };
		AC39EEED19C8E1FE002B4089 /* AppDelegate.swift */ = {isa = PBXFileReference; lastKnownFileType = sourcecode.swift; path = AppDelegate.swift; sourceTree = "<group>"; };
		AC39EEEF19C8E1FE002B4089 /* ViewController.swift */ = {isa = PBXFileReference; lastKnownFileType = sourcecode.swift; path = ViewController.swift; sourceTree = "<group>"; };
		AC39EEF219C8E1FE002B4089 /* Base */ = {isa = PBXFileReference; lastKnownFileType = file.storyboard; name = Base; path = Base.lproj/Main.storyboard; sourceTree = "<group>"; };
		AC39EEF419C8E1FE002B4089 /* Images.xcassets */ = {isa = PBXFileReference; lastKnownFileType = folder.assetcatalog; path = Images.xcassets; sourceTree = "<group>"; };
		AC39EEF719C8E1FE002B4089 /* Base */ = {isa = PBXFileReference; lastKnownFileType = file.xib; name = Base; path = Base.lproj/LaunchScreen.xib; sourceTree = "<group>"; };
		AC39EEFD19C8E1FE002B4089 /* TwoStoryboardsTests.xctest */ = {isa = PBXFileReference; explicitFileType = wrapper.cfbundle; includeInIndex = 0; path = TwoStoryboardsTests.xctest; sourceTree = BUILT_PRODUCTS_DIR; };
		AC39EF0219C8E1FE002B4089 /* Info.plist */ = {isa = PBXFileReference; lastKnownFileType = text.plist.xml; path = Info.plist; sourceTree = "<group>"; };
		AC39EF0319C8E1FE002B4089 /* TwoStoryboardsTests.swift */ = {isa = PBXFileReference; lastKnownFileType = sourcecode.swift; path = TwoStoryboardsTests.swift; sourceTree = "<group>"; };
		AC39EF0E19C8E3AC002B4089 /* Base */ = {isa = PBXFileReference; lastKnownFileType = file.storyboard; name = Base; path = Base.lproj/Main_iPhone.storyboard; sourceTree = "<group>"; };
		AC39EF1119C8E3CE002B4089 /* Base */ = {isa = PBXFileReference; lastKnownFileType = file.storyboard; name = Base; path = Base.lproj/Main_iPad.storyboard; sourceTree = "<group>"; };
/* End PBXFileReference section */

/* Begin PBXFrameworksBuildPhase section */
		AC39EEE519C8E1FE002B4089 /* Frameworks */ = {
			isa = PBXFrameworksBuildPhase;
			buildActionMask = 2147483647;
			files = (
			);
			runOnlyForDeploymentPostprocessing = 0;
		};
		AC39EEFA19C8E1FE002B4089 /* Frameworks */ = {
			isa = PBXFrameworksBuildPhase;
			buildActionMask = 2147483647;
			files = (
			);
			runOnlyForDeploymentPostprocessing = 0;
		};
/* End PBXFrameworksBuildPhase section */

/* Begin PBXGroup section */
		AC39EEDF19C8E1FE002B4089 = {
			isa = PBXGroup;
			children = (
				AC39EEEA19C8E1FE002B4089 /* TwoStoryboards */,
				AC39EF0019C8E1FE002B4089 /* TwoStoryboardsTests */,
				AC39EEE919C8E1FE002B4089 /* Products */,
			);
			sourceTree = "<group>";
		};
		AC39EEE919C8E1FE002B4089 /* Products */ = {
			isa = PBXGroup;
			children = (
				AC39EEE819C8E1FE002B4089 /* TwoStoryboards.app */,
				AC39EEFD19C8E1FE002B4089 /* TwoStoryboardsTests.xctest */,
			);
			name = Products;
			sourceTree = "<group>";
		};
		AC39EEEA19C8E1FE002B4089 /* TwoStoryboards */ = {
			isa = PBXGroup;
			children = (
				AC39EEED19C8E1FE002B4089 /* AppDelegate.swift */,
				AC39EEEF19C8E1FE002B4089 /* ViewController.swift */,
				AC39EEF119C8E1FE002B4089 /* Main.storyboard */,
				AC39EF0D19C8E3AC002B4089 /* Main_iPhone.storyboard */,
				AC39EF1019C8E3CE002B4089 /* Main_iPad.storyboard */,
				AC39EEF419C8E1FE002B4089 /* Images.xcassets */,
				AC39EEF619C8E1FE002B4089 /* LaunchScreen.xib */,
				AC39EEEB19C8E1FE002B4089 /* Supporting Files */,
			);
			path = TwoStoryboards;
			sourceTree = "<group>";
		};
		AC39EEEB19C8E1FE002B4089 /* Supporting Files */ = {
			isa = PBXGroup;
			children = (
				AC39EEEC19C8E1FE002B4089 /* Info.plist */,
			);
			name = "Supporting Files";
			sourceTree = "<group>";
		};
		AC39EF0019C8E1FE002B4089 /* TwoStoryboardsTests */ = {
			isa = PBXGroup;
			children = (
				AC39EF0319C8E1FE002B4089 /* TwoStoryboardsTests.swift */,
				AC39EF0119C8E1FE002B4089 /* Supporting Files */,
			);
			path = TwoStoryboardsTests;
			sourceTree = "<group>";
		};
		AC39EF0119C8E1FE002B4089 /* Supporting Files */ = {
			isa = PBXGroup;
			children = (
				AC39EF0219C8E1FE002B4089 /* Info.plist */,
			);
			name = "Supporting Files";
			sourceTree = "<group>";
		};
/* End PBXGroup section */

/* Begin PBXNativeTarget section */
		AC39EEE719C8E1FE002B4089 /* TwoStoryboards */ = {
			isa = PBXNativeTarget;
			buildConfigurationList = AC39EF0719C8E1FE002B4089 /* Build configuration list for PBXNativeTarget "TwoStoryboards" */;
			buildPhases = (
				AC39EEE419C8E1FE002B4089 /* Sources */,
				AC39EEE519C8E1FE002B4089 /* Frameworks */,
				AC39EEE619C8E1FE002B4089 /* Resources */,
			);
			buildRules = (
			);
			dependencies = (
			);
			name = TwoStoryboards;
			productName = TwoStoryboards;
			productReference = AC39EEE819C8E1FE002B4089 /* TwoStoryboards.app */;
			productType = "com.apple.product-type.application";
		};
		AC39EEFC19C8E1FE002B4089 /* TwoStoryboardsTests */ = {
			isa = PBXNativeTarget;
			buildConfigurationList = AC39EF0A19C8E1FE002B4089 /* Build configuration list for PBXNativeTarget "TwoStoryboardsTests" */;
			buildPhases = (
				AC39EEF919C8E1FE002B4089 /* Sources */,
				AC39EEFA19C8E1FE002B4089 /* Frameworks */,
				AC39EEFB19C8E1FE002B4089 /* Resources */,
			);
			buildRules = (
			);
			dependencies = (
				AC39EEFF19C8E1FE002B4089 /* PBXTargetDependency */,
			);
			name = TwoStoryboardsTests;
			productName = TwoStoryboardsTests;
			productReference = AC39EEFD19C8E1FE002B4089 /* TwoStoryboardsTests.xctest */;
			productType = "com.apple.product-type.bundle.unit-test";
		};
/* End PBXNativeTarget section */

/* Begin PBXProject section */
		AC39EEE019C8E1FE002B4089 /* Project object */ = {
			isa = PBXProject;
			attributes = {
				LastUpgradeCheck = 0600;
				ORGANIZATIONNAME = Alexandre;
				TargetAttributes = {
					AC39EEE719C8E1FE002B4089 = {
						CreatedOnToolsVersion = 6.0;
					};
					AC39EEFC19C8E1FE002B4089 = {
						CreatedOnToolsVersion = 6.0;
						TestTargetID = AC39EEE719C8E1FE002B4089;
					};
				};
			};
			buildConfigurationList = AC39EEE319C8E1FE002B4089 /* Build configuration list for PBXProject "TwoStoryboards" */;
			compatibilityVersion = "Xcode 3.2";
			developmentRegion = English;
			hasScannedForEncodings = 0;
			knownRegions = (
				en,
				Base,
			);
			mainGroup = AC39EEDF19C8E1FE002B4089;
			productRefGroup = AC39EEE919C8E1FE002B4089 /* Products */;
			projectDirPath = "";
			projectRoot = "";
			targets = (
				AC39EEE719C8E1FE002B4089 /* TwoStoryboards */,
				AC39EEFC19C8E1FE002B4089 /* TwoStoryboardsTests */,
			);
		};
/* End PBXProject section */

/* Begin PBXResourcesBuildPhase section */
		AC39EEE619C8E1FE002B4089 /* Resources */ = {
			isa = PBXResourcesBuildPhase;
			buildActionMask = 2147483647;
			files = (
				AC39EF1219C8E3CE002B4089 /* Main_iPad.storyboard in Resources */,
				AC39EF0F19C8E3AC002B4089 /* Main_iPhone.storyboard in Resources */,
				AC39EEF319C8E1FE002B4089 /* Main.storyboard in Resources */,
				AC39EEF819C8E1FE002B4089 /* LaunchScreen.xib in Resources */,
				AC39EEF519C8E1FE002B4089 /* Images.xcassets in Resources */,
			);
			runOnlyForDeploymentPostprocessing = 0;
		};
		AC39EEFB19C8E1FE002B4089 /* Resources */ = {
			isa = PBXResourcesBuildPhase;
			buildActionMask = 2147483647;
			files = (
			);
			runOnlyForDeploymentPostprocessing = 0;
		};
/* End PBXResourcesBuildPhase section */

/* Begin PBXSourcesBuildPhase section */
		AC39EEE419C8E1FE002B4089 /* Sources */ = {
			isa = PBXSourcesBuildPhase;
			buildActionMask = 2147483647;
			files = (
				AC39EEF019C8E1FE002B4089 /* ViewController.swift in Sources */,
				AC39EEEE19C8E1FE002B4089 /* AppDelegate.swift in Sources */,
			);
			runOnlyForDeploymentPostprocessing = 0;
		};
		AC39EEF919C8E1FE002B4089 /* Sources */ = {
			isa = PBXSourcesBuildPhase;
			buildActionMask = 2147483647;
			files = (
				AC39EF0419C8E1FE002B4089 /* TwoStoryboardsTests.swift in Sources */,
			);
			runOnlyForDeploymentPostprocessing = 0;
		};
/* End PBXSourcesBuildPhase section */

/* Begin PBXTargetDependency section */
		AC39EEFF19C8E1FE002B4089 /* PBXTargetDependency */ = {
			isa = PBXTargetDependency;
			target = AC39EEE719C8E1FE002B4089 /* TwoStoryboards */;
			targetProxy = AC39EEFE19C8E1FE002B4089 /* PBXContainerItemProxy */;
		};
/* End PBXTargetDependency section */

/* Begin PBXVariantGroup section */
		AC39EEF119C8E1FE002B4089 /* Main.storyboard */ = {
			isa = PBXVariantGroup;
			children = (
				AC39EEF219C8E1FE002B4089 /* Base */,
			);
			name = Main.storyboard;
			sourceTree = "<group>";
		};
		AC39EEF619C8E1FE002B4089 /* LaunchScreen.xib */ = {
			isa = PBXVariantGroup;
			children = (
				AC39EEF719C8E1FE002B4089 /* Base */,
			);
			name = LaunchScreen.xib;
			sourceTree = "<group>";
		};
		AC39EF0D19C8E3AC002B4089 /* Main_iPhone.storyboard */ = {
			isa = PBXVariantGroup;
			children = (
				AC39EF0E19C8E3AC002B4089 /* Base */,
			);
			name = Main_iPhone.storyboard;
			sourceTree = "<group>";
		};
		AC39EF1019C8E3CE002B4089 /* Main_iPad.storyboard */ = {
			isa = PBXVariantGroup;
			children = (
				AC39EF1119C8E3CE002B4089 /* Base */,
			);
			name = Main_iPad.storyboard;
			sourceTree = "<group>";
		};
/* End PBXVariantGroup section */

/* Begin XCBuildConfiguration section */
		AC39EF0519C8E1FE002B4089 /* Debug */ = {
			isa = XCBuildConfiguration;
			buildSettings = {
				ALWAYS_SEARCH_USER_PATHS = NO;
				CLANG_CXX_LANGUAGE_STANDARD = "gnu++0x";
				CLANG_CXX_LIBRARY = "libc++";
				CLANG_ENABLE_MODULES = YES;
				CLANG_ENABLE_OBJC_ARC = YES;
				CLANG_WARN_BOOL_CONVERSION = YES;
				CLANG_WARN_CONSTANT_CONVERSION = YES;
				CLANG_WARN_DIRECT_OBJC_ISA_USAGE = YES_ERROR;
				CLANG_WARN_EMPTY_BODY = YES;
				CLANG_WARN_ENUM_CONVERSION = YES;
				CLANG_WARN_INT_CONVERSION = YES;
				CLANG_WARN_OBJC_ROOT_CLASS = YES_ERROR;
				CLANG_WARN_UNREACHABLE_CODE = YES;
				CLANG_WARN__DUPLICATE_METHOD_MATCH = YES;
				"CODE_SIGN_IDENTITY[sdk=iphoneos*]" = "iPhone Developer";
				COPY_PHASE_STRIP = NO;
				ENABLE_STRICT_OBJC_MSGSEND = YES;
				GCC_C_LANGUAGE_STANDARD = gnu99;
				GCC_DYNAMIC_NO_PIC = NO;
				GCC_OPTIMIZATION_LEVEL = 0;
				GCC_PREPROCESSOR_DEFINITIONS = (
					"DEBUG=1",
					"$(inherited)",
				);
				GCC_SYMBOLS_PRIVATE_EXTERN = NO;
				GCC_WARN_64_TO_32_BIT_CONVERSION = YES;
				GCC_WARN_ABOUT_RETURN_TYPE = YES_ERROR;
				GCC_WARN_UNDECLARED_SELECTOR = YES;
				GCC_WARN_UNINITIALIZED_AUTOS = YES_AGGRESSIVE;
				GCC_WARN_UNUSED_FUNCTION = YES;
				GCC_WARN_UNUSED_VARIABLE = YES;
				IPHONEOS_DEPLOYMENT_TARGET = 8.0;
				MTL_ENABLE_DEBUG_INFO = YES;
				ONLY_ACTIVE_ARCH = YES;
				SDKROOT = iphoneos;
				SWIFT_OPTIMIZATION_LEVEL = "-Onone";
				TARGETED_DEVICE_FAMILY = "1,2";
			};
			name = Debug;
		};
		AC39EF0619C8E1FE002B4089 /* Release */ = {
			isa = XCBuildConfiguration;
			buildSettings = {
				ALWAYS_SEARCH_USER_PATHS = NO;
				CLANG_CXX_LANGUAGE_STANDARD = "gnu++0x";
				CLANG_CXX_LIBRARY = "libc++";
				CLANG_ENABLE_MODULES = YES;
				CLANG_ENABLE_OBJC_ARC = YES;
				CLANG_WARN_BOOL_CONVERSION = YES;
				CLANG_WARN_CONSTANT_CONVERSION = YES;
				CLANG_WARN_DIRECT_OBJC_ISA_USAGE = YES_ERROR;
				CLANG_WARN_EMPTY_BODY = YES;
				CLANG_WARN_ENUM_CONVERSION = YES;
				CLANG_WARN_INT_CONVERSION = YES;
				CLANG_WARN_OBJC_ROOT_CLASS = YES_ERROR;
				CLANG_WARN_UNREACHABLE_CODE = YES;
				CLANG_WARN__DUPLICATE_METHOD_MATCH = YES;
				"CODE_SIGN_IDENTITY[sdk=iphoneos*]" = "iPhone Developer";
				COPY_PHASE_STRIP = YES;
				ENABLE_NS_ASSERTIONS = NO;
				ENABLE_STRICT_OBJC_MSGSEND = YES;
				GCC_C_LANGUAGE_STANDARD = gnu99;
				GCC_WARN_64_TO_32_BIT_CONVERSION = YES;
				GCC_WARN_ABOUT_RETURN_TYPE = YES_ERROR;
				GCC_WARN_UNDECLARED_SELECTOR = YES;
				GCC_WARN_UNINITIALIZED_AUTOS = YES_AGGRESSIVE;
				GCC_WARN_UNUSED_FUNCTION = YES;
				GCC_WARN_UNUSED_VARIABLE = YES;
				IPHONEOS_DEPLOYMENT_TARGET = 8.0;
				MTL_ENABLE_DEBUG_INFO = NO;
				SDKROOT = iphoneos;
				TARGETED_DEVICE_FAMILY = "1,2";
				VALIDATE_PRODUCT = YES;
			};
			name = Release;
		};
		AC39EF0819C8E1FE002B4089 /* Debug */ = {
			isa = XCBuildConfiguration;
			buildSettings = {
				ASSETCATALOG_COMPILER_APPICON_NAME = AppIcon;
				INFOPLIST_FILE = TwoStoryboards/Info.plist;
				LD_RUNPATH_SEARCH_PATHS = "$(inherited) @executable_path/Frameworks";
				PRODUCT_NAME = "$(TARGET_NAME)";
				TARGETED_DEVICE_FAMILY = "1,2";
			};
			name = Debug;
		};
		AC39EF0919C8E1FE002B4089 /* Release */ = {
			isa = XCBuildConfiguration;
			buildSettings = {
				ASSETCATALOG_COMPILER_APPICON_NAME = AppIcon;
				INFOPLIST_FILE = TwoStoryboards/Info.plist;
				LD_RUNPATH_SEARCH_PATHS = "$(inherited) @executable_path/Frameworks";
				PRODUCT_NAME = "$(TARGET_NAME)";
				TARGETED_DEVICE_FAMILY = "1,2";
			};
			name = Release;
		};
		AC39EF0B19C8E1FE002B4089 /* Debug */ = {
			isa = XCBuildConfiguration;
			buildSettings = {
				BUNDLE_LOADER = "$(TEST_HOST)";
				FRAMEWORK_SEARCH_PATHS = (
					"$(SDKROOT)/Developer/Library/Frameworks",
					"$(inherited)",
				);
				GCC_PREPROCESSOR_DEFINITIONS = (
					"DEBUG=1",
					"$(inherited)",
				);
				INFOPLIST_FILE = TwoStoryboardsTests/Info.plist;
				LD_RUNPATH_SEARCH_PATHS = "$(inherited) @executable_path/Frameworks @loader_path/Frameworks";
				PRODUCT_NAME = "$(TARGET_NAME)";
				TEST_HOST = "$(BUILT_PRODUCTS_DIR)/TwoStoryboards.app/TwoStoryboards";
			};
			name = Debug;
		};
		AC39EF0C19C8E1FE002B4089 /* Release */ = {
			isa = XCBuildConfiguration;
			buildSettings = {
				BUNDLE_LOADER = "$(TEST_HOST)";
				FRAMEWORK_SEARCH_PATHS = (
					"$(SDKROOT)/Developer/Library/Frameworks",
					"$(inherited)",
				);
				INFOPLIST_FILE = TwoStoryboardsTests/Info.plist;
				LD_RUNPATH_SEARCH_PATHS = "$(inherited) @executable_path/Frameworks @loader_path/Frameworks";
				PRODUCT_NAME = "$(TARGET_NAME)";
				TEST_HOST = "$(BUILT_PRODUCTS_DIR)/TwoStoryboards.app/TwoStoryboards";
			};
			name = Release;
		};
/* End XCBuildConfiguration section */

/* Begin XCConfigurationList section */
		AC39EEE319C8E1FE002B4089 /* Build configuration list for PBXProject "TwoStoryboards" */ = {
			isa = XCConfigurationList;
			buildConfigurations = (
				AC39EF0519C8E1FE002B4089 /* Debug */,
				AC39EF0619C8E1FE002B4089 /* Release */,
			);
			defaultConfigurationIsVisible = 0;
			defaultConfigurationName = Release;
		};
		AC39EF0719C8E1FE002B4089 /* Build configuration list for PBXNativeTarget "TwoStoryboards" */ = {
			isa = XCConfigurationList;
			buildConfigurations = (
				AC39EF0819C8E1FE002B4089 /* Debug */,
				AC39EF0919C8E1FE002B4089 /* Release */,
			);
			defaultConfigurationIsVisible = 0;
			defaultConfigurationName = Release;
		};
		AC39EF0A19C8E1FE002B4089 /* Build configuration list for PBXNativeTarget "TwoStoryboardsTests" */ = {
			isa = XCConfigurationList;
			buildConfigurations = (
				AC39EF0B19C8E1FE002B4089 /* Debug */,
				AC39EF0C19C8E1FE002B4089 /* Release */,
			);
			defaultConfigurationIsVisible = 0;
			defaultConfigurationName = Release;
		};
/* End XCConfigurationList section */
	};
	rootObject = AC39EEE019C8E1FE002B4089 /* Project object */;
}
